// !$*UTF8*$!
{
	archiveVersion = 1;
	classes = {
	};
	objectVersion = 77;
	objects = {

/* Begin PBXBuildFile section */
		594A0A8E2E64CC8000A0EF71 /* FirebaseAppCheck in Frameworks */ = {isa = PBXBuildFile; productRef = 594A0A8D2E64CC8000A0EF71 /* FirebaseAppCheck */; };
		594A0A902E64CC8000A0EF71 /* FirebaseAuth in Frameworks */ = {isa = PBXBuildFile; productRef = 594A0A8F2E64CC8000A0EF71 /* FirebaseAuth */; };
		594A0A922E64CC8000A0EF71 /* FirebaseCore in Frameworks */ = {isa = PBXBuildFile; productRef = 594A0A912E64CC8000A0EF71 /* FirebaseCore */; };
		594A0A942E64CC8000A0EF71 /* FirebaseDatabase in Frameworks */ = {isa = PBXBuildFile; productRef = 594A0A932E64CC8000A0EF71 /* FirebaseDatabase */; };
		594A0A962E64CC8000A0EF71 /* FirebaseFirestore in Frameworks */ = {isa = PBXBuildFile; productRef = 594A0A952E64CC8000A0EF71 /* FirebaseFirestore */; };
		594A0A982E64CC8000A0EF71 /* FirebaseInstallations in Frameworks */ = {isa = PBXBuildFile; productRef = 594A0A972E64CC8000A0EF71 /* FirebaseInstallations */; };
		594A0A9A2E64CC8000A0EF71 /* FirebaseMLModelDownloader in Frameworks */ = {isa = PBXBuildFile; productRef = 594A0A992E64CC8000A0EF71 /* FirebaseMLModelDownloader */; };
		594A0A9C2E64CC8000A0EF71 /* FirebaseStorage in Frameworks */ = {isa = PBXBuildFile; productRef = 594A0A9B2E64CC8000A0EF71 /* FirebaseStorage */; };
		597A03042E6783B500189530 /* FirebaseFirestore in Frameworks */ = {isa = PBXBuildFile; productRef = 597A03032E6783B500189530 /* FirebaseFirestore */; };
		597A03062E6783B500189530 /* FirebaseFirestoreCombine-Community in Frameworks */ = {isa = PBXBuildFile; productRef = 597A03052E6783B500189530 /* FirebaseFirestoreCombine-Community */; };
/* End PBXBuildFile section */

/* Begin PBXContainerItemProxy section */
		594A0A702E64CA8400A0EF71 /* PBXContainerItemProxy */ = {
			isa = PBXContainerItemProxy;
			containerPortal = 594A0A592E64CA8300A0EF71 /* Project object */;
			proxyType = 1;
			remoteGlobalIDString = 594A0A602E64CA8300A0EF71;
			remoteInfo = Cyberflora;
		};
		594A0A7A2E64CA8400A0EF71 /* PBXContainerItemProxy */ = {
			isa = PBXContainerItemProxy;
			containerPortal = 594A0A592E64CA8300A0EF71 /* Project object */;
			proxyType = 1;
			remoteGlobalIDString = 594A0A602E64CA8300A0EF71;
			remoteInfo = Cyberflora;
		};
/* End PBXContainerItemProxy section */

/* Begin PBXFileReference section */
		594A0A612E64CA8300A0EF71 /* Cyberflora.app */ = {isa = PBXFileReference; explicitFileType = wrapper.application; includeInIndex = 0; path = Cyberflora.app; sourceTree = BUILT_PRODUCTS_DIR; };
		594A0A6F2E64CA8400A0EF71 /* CyberfloraTests.xctest */ = {isa = PBXFileReference; explicitFileType = wrapper.cfbundle; includeInIndex = 0; path = CyberfloraTests.xctest; sourceTree = BUILT_PRODUCTS_DIR; };
		594A0A792E64CA8400A0EF71 /* CyberfloraUITests.xctest */ = {isa = PBXFileReference; explicitFileType = wrapper.cfbundle; includeInIndex = 0; path = CyberfloraUITests.xctest; sourceTree = BUILT_PRODUCTS_DIR; };
/* End PBXFileReference section */

/* Begin PBXFileSystemSynchronizedRootGroup section */
		594A0A632E64CA8300A0EF71 /* Cyberflora */ = {
			isa = PBXFileSystemSynchronizedRootGroup;
			path = Cyberflora;
			sourceTree = "<group>";
		};
		594A0A722E64CA8400A0EF71 /* CyberfloraTests */ = {
			isa = PBXFileSystemSynchronizedRootGroup;
			path = CyberfloraTests;
			sourceTree = "<group>";
		};
		594A0A7C2E64CA8400A0EF71 /* CyberfloraUITests */ = {
			isa = PBXFileSystemSynchronizedRootGroup;
			path = CyberfloraUITests;
			sourceTree = "<group>";
		};
/* End PBXFileSystemSynchronizedRootGroup section */

/* Begin PBXFrameworksBuildPhase section */
		594A0A5E2E64CA8300A0EF71 /* Frameworks */ = {
			isa = PBXFrameworksBuildPhase;
			buildActionMask = 2147483647;
			files = (
				594A0A8E2E64CC8000A0EF71 /* FirebaseAppCheck in Frameworks */,
				594A0A922E64CC8000A0EF71 /* FirebaseCore in Frameworks */,
				594A0A942E64CC8000A0EF71 /* FirebaseDatabase in Frameworks */,
				597A03062E6783B500189530 /* FirebaseFirestoreCombine-Community in Frameworks */,
				594A0A9A2E64CC8000A0EF71 /* FirebaseMLModelDownloader in Frameworks */,
				594A0A9C2E64CC8000A0EF71 /* FirebaseStorage in Frameworks */,
				597A03042E6783B500189530 /* FirebaseFirestore in Frameworks */,
				594A0A902E64CC8000A0EF71 /* FirebaseAuth in Frameworks */,
				594A0A982E64CC8000A0EF71 /* FirebaseInstallations in Frameworks */,
			);
			runOnlyForDeploymentPostprocessing = 0;
		};
		594A0A6C2E64CA8400A0EF71 /* Frameworks */ = {
			isa = PBXFrameworksBuildPhase;
			buildActionMask = 2147483647;
			files = (
				594A0A962E64CC8000A0EF71 /* FirebaseFirestore in Frameworks */,
			);
			runOnlyForDeploymentPostprocessing = 0;
		};
		594A0A762E64CA8400A0EF71 /* Frameworks */ = {
			isa = PBXFrameworksBuildPhase;
			buildActionMask = 2147483647;
			files = (
			);
			runOnlyForDeploymentPostprocessing = 0;
		};
/* End PBXFrameworksBuildPhase section */

/* Begin PBXGroup section */
		594A0A582E64CA8300A0EF71 = {
			isa = PBXGroup;
			children = (
				594A0A632E64CA8300A0EF71 /* Cyberflora */,
				594A0A722E64CA8400A0EF71 /* CyberfloraTests */,
				594A0A7C2E64CA8400A0EF71 /* CyberfloraUITests */,
				594A0A622E64CA8300A0EF71 /* Products */,
			);
			sourceTree = "<group>";
		};
		594A0A622E64CA8300A0EF71 /* Products */ = {
			isa = PBXGroup;
			children = (
				594A0A612E64CA8300A0EF71 /* Cyberflora.app */,
				594A0A6F2E64CA8400A0EF71 /* CyberfloraTests.xctest */,
				594A0A792E64CA8400A0EF71 /* CyberfloraUITests.xctest */,
			);
			name = Products;
			sourceTree = "<group>";
		};
/* End PBXGroup section */

/* Begin PBXNativeTarget section */
		594A0A602E64CA8300A0EF71 /* Cyberflora */ = {
			isa = PBXNativeTarget;
			buildConfigurationList = 594A0A832E64CA8400A0EF71 /* Build configuration list for PBXNativeTarget "Cyberflora" */;
			buildPhases = (
				594A0A5D2E64CA8300A0EF71 /* Sources */,
				594A0A5E2E64CA8300A0EF71 /* Frameworks */,
				594A0A5F2E64CA8300A0EF71 /* Resources */,
			);
			buildRules = (
			);
			dependencies = (
			);
			fileSystemSynchronizedGroups = (
				594A0A632E64CA8300A0EF71 /* Cyberflora */,
			);
			name = Cyberflora;
			packageProductDependencies = (
				594A0A8D2E64CC8000A0EF71 /* FirebaseAppCheck */,
				594A0A8F2E64CC8000A0EF71 /* FirebaseAuth */,
				594A0A912E64CC8000A0EF71 /* FirebaseCore */,
				594A0A932E64CC8000A0EF71 /* FirebaseDatabase */,
				594A0A972E64CC8000A0EF71 /* FirebaseInstallations */,
				594A0A992E64CC8000A0EF71 /* FirebaseMLModelDownloader */,
				594A0A9B2E64CC8000A0EF71 /* FirebaseStorage */,
				597A03032E6783B500189530 /* FirebaseFirestore */,
				597A03052E6783B500189530 /* FirebaseFirestoreCombine-Community */,
			);
			productName = Cyberflora;
			productReference = 594A0A612E64CA8300A0EF71 /* Cyberflora.app */;
			productType = "com.apple.product-type.application";
		};
		594A0A6E2E64CA8400A0EF71 /* CyberfloraTests */ = {
			isa = PBXNativeTarget;
			buildConfigurationList = 594A0A862E64CA8400A0EF71 /* Build configuration list for PBXNativeTarget "CyberfloraTests" */;
			buildPhases = (
				594A0A6B2E64CA8400A0EF71 /* Sources */,
				594A0A6C2E64CA8400A0EF71 /* Frameworks */,
				594A0A6D2E64CA8400A0EF71 /* Resources */,
			);
			buildRules = (
			);
			dependencies = (
				594A0A712E64CA8400A0EF71 /* PBXTargetDependency */,
			);
			fileSystemSynchronizedGroups = (
				594A0A722E64CA8400A0EF71 /* CyberfloraTests */,
			);
			name = CyberfloraTests;
			packageProductDependencies = (
				594A0A952E64CC8000A0EF71 /* FirebaseFirestore */,
			);
			productName = CyberfloraTests;
			productReference = 594A0A6F2E64CA8400A0EF71 /* CyberfloraTests.xctest */;
			productType = "com.apple.product-type.bundle.unit-test";
		};
		594A0A782E64CA8400A0EF71 /* CyberfloraUITests */ = {
			isa = PBXNativeTarget;
			buildConfigurationList = 594A0A892E64CA8400A0EF71 /* Build configuration list for PBXNativeTarget "CyberfloraUITests" */;
			buildPhases = (
				594A0A752E64CA8400A0EF71 /* Sources */,
				594A0A762E64CA8400A0EF71 /* Frameworks */,
				594A0A772E64CA8400A0EF71 /* Resources */,
			);
			buildRules = (
			);
			dependencies = (
				594A0A7B2E64CA8400A0EF71 /* PBXTargetDependency */,
			);
			fileSystemSynchronizedGroups = (
				594A0A7C2E64CA8400A0EF71 /* CyberfloraUITests */,
			);
			name = CyberfloraUITests;
			packageProductDependencies = (
			);
			productName = CyberfloraUITests;
			productReference = 594A0A792E64CA8400A0EF71 /* CyberfloraUITests.xctest */;
			productType = "com.apple.product-type.bundle.ui-testing";
		};
/* End PBXNativeTarget section */

/* Begin PBXProject section */
		594A0A592E64CA8300A0EF71 /* Project object */ = {
			isa = PBXProject;
			attributes = {
				BuildIndependentTargetsInParallel = 1;
				LastSwiftUpdateCheck = 1640;
				LastUpgradeCheck = 1640;
				TargetAttributes = {
					594A0A602E64CA8300A0EF71 = {
						CreatedOnToolsVersion = 16.4;
					};
					594A0A6E2E64CA8400A0EF71 = {
						CreatedOnToolsVersion = 16.4;
						TestTargetID = 594A0A602E64CA8300A0EF71;
					};
					594A0A782E64CA8400A0EF71 = {
						CreatedOnToolsVersion = 16.4;
						TestTargetID = 594A0A602E64CA8300A0EF71;
					};
				};
			};
			buildConfigurationList = 594A0A5C2E64CA8300A0EF71 /* Build configuration list for PBXProject "Cyberflora" */;
			developmentRegion = en;
			hasScannedForEncodings = 0;
			knownRegions = (
				en,
				Base,
			);
			mainGroup = 594A0A582E64CA8300A0EF71;
			minimizedProjectReferenceProxies = 1;
			packageReferences = (
				594A0A8C2E64CC8000A0EF71 /* XCRemoteSwiftPackageReference "firebase-ios-sdk" */,
			);
			preferredProjectObjectVersion = 77;
			productRefGroup = 594A0A622E64CA8300A0EF71 /* Products */;
			projectDirPath = "";
			projectRoot = "";
			targets = (
				594A0A602E64CA8300A0EF71 /* Cyberflora */,
				594A0A6E2E64CA8400A0EF71 /* CyberfloraTests */,
				594A0A782E64CA8400A0EF71 /* CyberfloraUITests */,
			);
		};
/* End PBXProject section */

/* Begin PBXResourcesBuildPhase section */
		594A0A5F2E64CA8300A0EF71 /* Resources */ = {
			isa = PBXResourcesBuildPhase;
			buildActionMask = 2147483647;
			files = (
			);
			runOnlyForDeploymentPostprocessing = 0;
		};
		594A0A6D2E64CA8400A0EF71 /* Resources */ = {
			isa = PBXResourcesBuildPhase;
			buildActionMask = 2147483647;
			files = (
			);
			runOnlyForDeploymentPostprocessing = 0;
		};
		594A0A772E64CA8400A0EF71 /* Resources */ = {
			isa = PBXResourcesBuildPhase;
			buildActionMask = 2147483647;
			files = (
			);
			runOnlyForDeploymentPostprocessing = 0;
		};
/* End PBXResourcesBuildPhase section */

/* Begin PBXSourcesBuildPhase section */
		594A0A5D2E64CA8300A0EF71 /* Sources */ = {
			isa = PBXSourcesBuildPhase;
			buildActionMask = 2147483647;
			files = (
			);
			runOnlyForDeploymentPostprocessing = 0;
		};
		594A0A6B2E64CA8400A0EF71 /* Sources */ = {
			isa = PBXSourcesBuildPhase;
			buildActionMask = 2147483647;
			files = (
			);
			runOnlyForDeploymentPostprocessing = 0;
		};
		594A0A752E64CA8400A0EF71 /* Sources */ = {
			isa = PBXSourcesBuildPhase;
			buildActionMask = 2147483647;
			files = (
			);
			runOnlyForDeploymentPostprocessing = 0;
		};
/* End PBXSourcesBuildPhase section */

/* Begin PBXTargetDependency section */
		594A0A712E64CA8400A0EF71 /* PBXTargetDependency */ = {
			isa = PBXTargetDependency;
			target = 594A0A602E64CA8300A0EF71 /* Cyberflora */;
			targetProxy = 594A0A702E64CA8400A0EF71 /* PBXContainerItemProxy */;
		};
		594A0A7B2E64CA8400A0EF71 /* PBXTargetDependency */ = {
			isa = PBXTargetDependency;
			target = 594A0A602E64CA8300A0EF71 /* Cyberflora */;
			targetProxy = 594A0A7A2E64CA8400A0EF71 /* PBXContainerItemProxy */;
		};
/* End PBXTargetDependency section */

/* Begin XCBuildConfiguration section */
		594A0A812E64CA8400A0EF71 /* Debug */ = {
			isa = XCBuildConfiguration;
			buildSettings = {
				ALWAYS_SEARCH_USER_PATHS = NO;
				ASSETCATALOG_COMPILER_GENERATE_SWIFT_ASSET_SYMBOL_EXTENSIONS = YES;
				CLANG_ANALYZER_NONNULL = YES;
				CLANG_ANALYZER_NUMBER_OBJECT_CONVERSION = YES_AGGRESSIVE;
				CLANG_CXX_LANGUAGE_STANDARD = "gnu++20";
				CLANG_ENABLE_MODULES = YES;
				CLANG_ENABLE_OBJC_ARC = YES;
				CLANG_ENABLE_OBJC_WEAK = YES;
				CLANG_WARN_BLOCK_CAPTURE_AUTORELEASING = YES;
				CLANG_WARN_BOOL_CONVERSION = YES;
				CLANG_WARN_COMMA = YES;
				CLANG_WARN_CONSTANT_CONVERSION = YES;
				CLANG_WARN_DEPRECATED_OBJC_IMPLEMENTATIONS = YES;
				CLANG_WARN_DIRECT_OBJC_ISA_USAGE = YES_ERROR;
				CLANG_WARN_DOCUMENTATION_COMMENTS = YES;
				CLANG_WARN_EMPTY_BODY = YES;
				CLANG_WARN_ENUM_CONVERSION = YES;
				CLANG_WARN_INFINITE_RECURSION = YES;
				CLANG_WARN_INT_CONVERSION = YES;
				CLANG_WARN_NON_LITERAL_NULL_CONVERSION = YES;
				CLANG_WARN_OBJC_IMPLICIT_RETAIN_SELF = YES;
				CLANG_WARN_OBJC_LITERAL_CONVERSION = YES;
				CLANG_WARN_OBJC_ROOT_CLASS = YES_ERROR;
				CLANG_WARN_QUOTED_INCLUDE_IN_FRAMEWORK_HEADER = YES;
				CLANG_WARN_RANGE_LOOP_ANALYSIS = YES;
				CLANG_WARN_STRICT_PROTOTYPES = YES;
				CLANG_WARN_SUSPICIOUS_MOVE = YES;
				CLANG_WARN_UNGUARDED_AVAILABILITY = YES_AGGRESSIVE;
				CLANG_WARN_UNREACHABLE_CODE = YES;
				CLANG_WARN__DUPLICATE_METHOD_MATCH = YES;
				COPY_PHASE_STRIP = NO;
				DEBUG_INFORMATION_FORMAT = dwarf;
				DEVELOPMENT_TEAM = 97H55F9669;
				ENABLE_STRICT_OBJC_MSGSEND = YES;
				ENABLE_TESTABILITY = YES;
				ENABLE_USER_SCRIPT_SANDBOXING = YES;
				GCC_C_LANGUAGE_STANDARD = gnu17;
				GCC_DYNAMIC_NO_PIC = NO;
				GCC_NO_COMMON_BLOCKS = YES;
				GCC_OPTIMIZATION_LEVEL = 0;
				GCC_PREPROCESSOR_DEFINITIONS = (
					"DEBUG=1",
					"$(inherited)",
				);
				GCC_WARN_64_TO_32_BIT_CONVERSION = YES;
				GCC_WARN_ABOUT_RETURN_TYPE = YES_ERROR;
				GCC_WARN_UNDECLARED_SELECTOR = YES;
				GCC_WARN_UNINITIALIZED_AUTOS = YES_AGGRESSIVE;
				GCC_WARN_UNUSED_FUNCTION = YES;
				GCC_WARN_UNUSED_VARIABLE = YES;
				LOCALIZATION_PREFERS_STRING_CATALOGS = YES;
				MTL_ENABLE_DEBUG_INFO = INCLUDE_SOURCE;
				MTL_FAST_MATH = YES;
				ONLY_ACTIVE_ARCH = YES;
				SWIFT_ACTIVE_COMPILATION_CONDITIONS = "DEBUG $(inherited)";
				SWIFT_OPTIMIZATION_LEVEL = "-Onone";
			};
			name = Debug;
		};
		594A0A822E64CA8400A0EF71 /* Release */ = {
			isa = XCBuildConfiguration;
			buildSettings = {
				ALWAYS_SEARCH_USER_PATHS = NO;
				ASSETCATALOG_COMPILER_GENERATE_SWIFT_ASSET_SYMBOL_EXTENSIONS = YES;
				CLANG_ANALYZER_NONNULL = YES;
				CLANG_ANALYZER_NUMBER_OBJECT_CONVERSION = YES_AGGRESSIVE;
				CLANG_CXX_LANGUAGE_STANDARD = "gnu++20";
				CLANG_ENABLE_MODULES = YES;
				CLANG_ENABLE_OBJC_ARC = YES;
				CLANG_ENABLE_OBJC_WEAK = YES;
				CLANG_WARN_BLOCK_CAPTURE_AUTORELEASING = YES;
				CLANG_WARN_BOOL_CONVERSION = YES;
				CLANG_WARN_COMMA = YES;
				CLANG_WARN_CONSTANT_CONVERSION = YES;
				CLANG_WARN_DEPRECATED_OBJC_IMPLEMENTATIONS = YES;
				CLANG_WARN_DIRECT_OBJC_ISA_USAGE = YES_ERROR;
				CLANG_WARN_DOCUMENTATION_COMMENTS = YES;
				CLANG_WARN_EMPTY_BODY = YES;
				CLANG_WARN_ENUM_CONVERSION = YES;
				CLANG_WARN_INFINITE_RECURSION = YES;
				CLANG_WARN_INT_CONVERSION = YES;
				CLANG_WARN_NON_LITERAL_NULL_CONVERSION = YES;
				CLANG_WARN_OBJC_IMPLICIT_RETAIN_SELF = YES;
				CLANG_WARN_OBJC_LITERAL_CONVERSION = YES;
				CLANG_WARN_OBJC_ROOT_CLASS = YES_ERROR;
				CLANG_WARN_QUOTED_INCLUDE_IN_FRAMEWORK_HEADER = YES;
				CLANG_WARN_RANGE_LOOP_ANALYSIS = YES;
				CLANG_WARN_STRICT_PROTOTYPES = YES;
				CLANG_WARN_SUSPICIOUS_MOVE = YES;
				CLANG_WARN_UNGUARDED_AVAILABILITY = YES_AGGRESSIVE;
				CLANG_WARN_UNREACHABLE_CODE = YES;
				CLANG_WARN__DUPLICATE_METHOD_MATCH = YES;
				COPY_PHASE_STRIP = NO;
				DEBUG_INFORMATION_FORMAT = "dwarf-with-dsym";
				DEVELOPMENT_TEAM = 97H55F9669;
				ENABLE_NS_ASSERTIONS = NO;
				ENABLE_STRICT_OBJC_MSGSEND = YES;
				ENABLE_USER_SCRIPT_SANDBOXING = YES;
				GCC_C_LANGUAGE_STANDARD = gnu17;
				GCC_NO_COMMON_BLOCKS = YES;
				GCC_WARN_64_TO_32_BIT_CONVERSION = YES;
				GCC_WARN_ABOUT_RETURN_TYPE = YES_ERROR;
				GCC_WARN_UNDECLARED_SELECTOR = YES;
				GCC_WARN_UNINITIALIZED_AUTOS = YES_AGGRESSIVE;
				GCC_WARN_UNUSED_FUNCTION = YES;
				GCC_WARN_UNUSED_VARIABLE = YES;
				LOCALIZATION_PREFERS_STRING_CATALOGS = YES;
				MTL_ENABLE_DEBUG_INFO = NO;
				MTL_FAST_MATH = YES;
				SWIFT_COMPILATION_MODE = wholemodule;
			};
			name = Release;
		};
		594A0A842E64CA8400A0EF71 /* Debug */ = {
			isa = XCBuildConfiguration;
			buildSettings = {
				ASSETCATALOG_COMPILER_APPICON_NAME = AppIcon;
				ASSETCATALOG_COMPILER_GLOBAL_ACCENT_COLOR_NAME = AccentColor;
				CODE_SIGN_ENTITLEMENTS = Cyberflora/Cyberflora.entitlements;
				CODE_SIGN_STYLE = Automatic;
				CURRENT_PROJECT_VERSION = 1;
				DEVELOPMENT_TEAM = 97H55F9669;
				ENABLE_HARDENED_RUNTIME = YES;
				ENABLE_PREVIEWS = YES;
				GENERATE_INFOPLIST_FILE = YES;
				"INFOPLIST_KEY_UIApplicationSceneManifest_Generation[sdk=iphoneos*]" = YES;
				"INFOPLIST_KEY_UIApplicationSceneManifest_Generation[sdk=iphonesimulator*]" = YES;
				"INFOPLIST_KEY_UIApplicationSupportsIndirectInputEvents[sdk=iphoneos*]" = YES;
				"INFOPLIST_KEY_UIApplicationSupportsIndirectInputEvents[sdk=iphonesimulator*]" = YES;
				"INFOPLIST_KEY_UILaunchScreen_Generation[sdk=iphoneos*]" = YES;
				"INFOPLIST_KEY_UILaunchScreen_Generation[sdk=iphonesimulator*]" = YES;
				"INFOPLIST_KEY_UIStatusBarStyle[sdk=iphoneos*]" = UIStatusBarStyleDefault;
				"INFOPLIST_KEY_UIStatusBarStyle[sdk=iphonesimulator*]" = UIStatusBarStyleDefault;
				INFOPLIST_KEY_UISupportedInterfaceOrientations_iPad = "UIInterfaceOrientationPortrait UIInterfaceOrientationPortraitUpsideDown UIInterfaceOrientationLandscapeLeft UIInterfaceOrientationLandscapeRight";
				INFOPLIST_KEY_UISupportedInterfaceOrientations_iPhone = "UIInterfaceOrientationPortrait UIInterfaceOrientationLandscapeLeft UIInterfaceOrientationLandscapeRight";
				IPHONEOS_DEPLOYMENT_TARGET = 18.5;
				LD_RUNPATH_SEARCH_PATHS = "@executable_path/Frameworks";
				"LD_RUNPATH_SEARCH_PATHS[sdk=macosx*]" = "@executable_path/../Frameworks";
				MACOSX_DEPLOYMENT_TARGET = 15.5;
				MARKETING_VERSION = 1.0;
				PRODUCT_BUNDLE_IDENTIFIER = "Glitch-Gods.Cyberflora";
				PRODUCT_NAME = "$(TARGET_NAME)";
				REGISTER_APP_GROUPS = YES;
				SDKROOT = auto;
				SUPPORTED_PLATFORMS = "iphoneos iphonesimulator macosx xros xrsimulator";
				SWIFT_EMIT_LOC_STRINGS = YES;
				SWIFT_VERSION = 5.0;
				TARGETED_DEVICE_FAMILY = "1,2,7";
				XROS_DEPLOYMENT_TARGET = 2.5;
			};
			name = Debug;
		};
		594A0A852E64CA8400A0EF71 /* Release */ = {
			isa = XCBuildConfiguration;
			buildSettings = {
				ASSETCATALOG_COMPILER_APPICON_NAME = AppIcon;
				ASSETCATALOG_COMPILER_GLOBAL_ACCENT_COLOR_NAME = AccentColor;
				CODE_SIGN_ENTITLEMENTS = Cyberflora/Cyberflora.entitlements;
				CODE_SIGN_STYLE = Automatic;
				CURRENT_PROJECT_VERSION = 1;
				DEVELOPMENT_TEAM = 97H55F9669;
				ENABLE_HARDENED_RUNTIME = YES;
				ENABLE_PREVIEWS = YES;
				GENERATE_INFOPLIST_FILE = YES;
				"INFOPLIST_KEY_UIApplicationSceneManifest_Generation[sdk=iphoneos*]" = YES;
				"INFOPLIST_KEY_UIApplicationSceneManifest_Generation[sdk=iphonesimulator*]" = YES;
				"INFOPLIST_KEY_UIApplicationSupportsIndirectInputEvents[sdk=iphoneos*]" = YES;
				"INFOPLIST_KEY_UIApplicationSupportsIndirectInputEvents[sdk=iphonesimulator*]" = YES;
				"INFOPLIST_KEY_UILaunchScreen_Generation[sdk=iphoneos*]" = YES;
				"INFOPLIST_KEY_UILaunchScreen_Generation[sdk=iphonesimulator*]" = YES;
				"INFOPLIST_KEY_UIStatusBarStyle[sdk=iphoneos*]" = UIStatusBarStyleDefault;
				"INFOPLIST_KEY_UIStatusBarStyle[sdk=iphonesimulator*]" = UIStatusBarStyleDefault;
				INFOPLIST_KEY_UISupportedInterfaceOrientations_iPad = "UIInterfaceOrientationPortrait UIInterfaceOrientationPortraitUpsideDown UIInterfaceOrientationLandscapeLeft UIInterfaceOrientationLandscapeRight";
				INFOPLIST_KEY_UISupportedInterfaceOrientations_iPhone = "UIInterfaceOrientationPortrait UIInterfaceOrientationLandscapeLeft UIInterfaceOrientationLandscapeRight";
				IPHONEOS_DEPLOYMENT_TARGET = 18.5;
				LD_RUNPATH_SEARCH_PATHS = "@executable_path/Frameworks";
				"LD_RUNPATH_SEARCH_PATHS[sdk=macosx*]" = "@executable_path/../Frameworks";
				MACOSX_DEPLOYMENT_TARGET = 15.5;
				MARKETING_VERSION = 1.0;
				PRODUCT_BUNDLE_IDENTIFIER = "Glitch-Gods.Cyberflora";
				PRODUCT_NAME = "$(TARGET_NAME)";
				REGISTER_APP_GROUPS = YES;
				SDKROOT = auto;
				SUPPORTED_PLATFORMS = "iphoneos iphonesimulator macosx xros xrsimulator";
				SWIFT_EMIT_LOC_STRINGS = YES;
				SWIFT_VERSION = 5.0;
				TARGETED_DEVICE_FAMILY = "1,2,7";
				XROS_DEPLOYMENT_TARGET = 2.5;
			};
			name = Release;
		};
		594A0A872E64CA8400A0EF71 /* Debug */ = {
			isa = XCBuildConfiguration;
			buildSettings = {
				BUNDLE_LOADER = "$(TEST_HOST)";
				CODE_SIGN_STYLE = Automatic;
				CURRENT_PROJECT_VERSION = 1;
				DEVELOPMENT_TEAM = 97H55F9669;
				GENERATE_INFOPLIST_FILE = YES;
				IPHONEOS_DEPLOYMENT_TARGET = 18.5;
				MACOSX_DEPLOYMENT_TARGET = 15.5;
				MARKETING_VERSION = 1.0;
				PRODUCT_BUNDLE_IDENTIFIER = "Glitch-Gods.CyberfloraTests";
				PRODUCT_NAME = "$(TARGET_NAME)";
				SDKROOT = auto;
				SUPPORTED_PLATFORMS = "iphoneos iphonesimulator macosx xros xrsimulator";
				SWIFT_EMIT_LOC_STRINGS = NO;
				SWIFT_VERSION = 5.0;
				TARGETED_DEVICE_FAMILY = "1,2,7";
				TEST_HOST = "$(BUILT_PRODUCTS_DIR)/Cyberflora.app/$(BUNDLE_EXECUTABLE_FOLDER_PATH)/Cyberflora";
				XROS_DEPLOYMENT_TARGET = 2.5;
			};
			name = Debug;
		};
		594A0A882E64CA8400A0EF71 /* Release */ = {
			isa = XCBuildConfiguration;
			buildSettings = {
				BUNDLE_LOADER = "$(TEST_HOST)";
				CODE_SIGN_STYLE = Automatic;
				CURRENT_PROJECT_VERSION = 1;
				DEVELOPMENT_TEAM = 97H55F9669;
				GENERATE_INFOPLIST_FILE = YES;
				IPHONEOS_DEPLOYMENT_TARGET = 18.5;
				MACOSX_DEPLOYMENT_TARGET = 15.5;
				MARKETING_VERSION = 1.0;
				PRODUCT_BUNDLE_IDENTIFIER = "Glitch-Gods.CyberfloraTests";
				PRODUCT_NAME = "$(TARGET_NAME)";
				SDKROOT = auto;
				SUPPORTED_PLATFORMS = "iphoneos iphonesimulator macosx xros xrsimulator";
				SWIFT_EMIT_LOC_STRINGS = NO;
				SWIFT_VERSION = 5.0;
				TARGETED_DEVICE_FAMILY = "1,2,7";
				TEST_HOST = "$(BUILT_PRODUCTS_DIR)/Cyberflora.app/$(BUNDLE_EXECUTABLE_FOLDER_PATH)/Cyberflora";
				XROS_DEPLOYMENT_TARGET = 2.5;
			};
			name = Release;
		};
		594A0A8A2E64CA8400A0EF71 /* Debug */ = {
			isa = XCBuildConfiguration;
			buildSettings = {
				CODE_SIGN_STYLE = Automatic;
				CURRENT_PROJECT_VERSION = 1;
				DEVELOPMENT_TEAM = 97H55F9669;
				GENERATE_INFOPLIST_FILE = YES;
				IPHONEOS_DEPLOYMENT_TARGET = 18.5;
				MACOSX_DEPLOYMENT_TARGET = 15.5;
				MARKETING_VERSION = 1.0;
				PRODUCT_BUNDLE_IDENTIFIER = "Glitch-Gods.CyberfloraUITests";
				PRODUCT_NAME = "$(TARGET_NAME)";
				SDKROOT = auto;
				SUPPORTED_PLATFORMS = "iphoneos iphonesimulator macosx xros xrsimulator";
				SWIFT_EMIT_LOC_STRINGS = NO;
				SWIFT_VERSION = 5.0;
				TARGETED_DEVICE_FAMILY = "1,2,7";
				TEST_TARGET_NAME = Cyberflora;
				XROS_DEPLOYMENT_TARGET = 2.5;
			};
			name = Debug;
		};
		594A0A8B2E64CA8400A0EF71 /* Release */ = {
			isa = XCBuildConfiguration;
			buildSettings = {
				CODE_SIGN_STYLE = Automatic;
				CURRENT_PROJECT_VERSION = 1;
				DEVELOPMENT_TEAM = 97H55F9669;
				GENERATE_INFOPLIST_FILE = YES;
				IPHONEOS_DEPLOYMENT_TARGET = 18.5;
				MACOSX_DEPLOYMENT_TARGET = 15.5;
				MARKETING_VERSION = 1.0;
				PRODUCT_BUNDLE_IDENTIFIER = "Glitch-Gods.CyberfloraUITests";
				PRODUCT_NAME = "$(TARGET_NAME)";
				SDKROOT = auto;
				SUPPORTED_PLATFORMS = "iphoneos iphonesimulator macosx xros xrsimulator";
				SWIFT_EMIT_LOC_STRINGS = NO;
				SWIFT_VERSION = 5.0;
				TARGETED_DEVICE_FAMILY = "1,2,7";
				TEST_TARGET_NAME = Cyberflora;
				XROS_DEPLOYMENT_TARGET = 2.5;
			};
			name = Release;
		};
/* End XCBuildConfiguration section */

/* Begin XCConfigurationList section */
		594A0A5C2E64CA8300A0EF71 /* Build configuration list for PBXProject "Cyberflora" */ = {
			isa = XCConfigurationList;
			buildConfigurations = (
				594A0A812E64CA8400A0EF71 /* Debug */,
				594A0A822E64CA8400A0EF71 /* Release */,
			);
			defaultConfigurationIsVisible = 0;
			defaultConfigurationName = Release;
		};
		594A0A832E64CA8400A0EF71 /* Build configuration list for PBXNativeTarget "Cyberflora" */ = {
			isa = XCConfigurationList;
			buildConfigurations = (
				594A0A842E64CA8400A0EF71 /* Debug */,
				594A0A852E64CA8400A0EF71 /* Release */,
			);
			defaultConfigurationIsVisible = 0;
			defaultConfigurationName = Release;
		};
		594A0A862E64CA8400A0EF71 /* Build configuration list for PBXNativeTarget "CyberfloraTests" */ = {
			isa = XCConfigurationList;
			buildConfigurations = (
				594A0A872E64CA8400A0EF71 /* Debug */,
				594A0A882E64CA8400A0EF71 /* Release */,
			);
			defaultConfigurationIsVisible = 0;
			defaultConfigurationName = Release;
		};
		594A0A892E64CA8400A0EF71 /* Build configuration list for PBXNativeTarget "CyberfloraUITests" */ = {
			isa = XCConfigurationList;
			buildConfigurations = (
				594A0A8A2E64CA8400A0EF71 /* Debug */,
				594A0A8B2E64CA8400A0EF71 /* Release */,
			);
			defaultConfigurationIsVisible = 0;
			defaultConfigurationName = Release;
		};
/* End XCConfigurationList section */

/* Begin XCRemoteSwiftPackageReference section */
		594A0A8C2E64CC8000A0EF71 /* XCRemoteSwiftPackageReference "firebase-ios-sdk" */ = {
			isa = XCRemoteSwiftPackageReference;
			repositoryURL = "https://github.com/firebase/firebase-ios-sdk";
			requirement = {
				kind = upToNextMajorVersion;
				minimumVersion = 12.2.0;
			};
		};
/* End XCRemoteSwiftPackageReference section */

/* Begin XCSwiftPackageProductDependency section */
		594A0A8D2E64CC8000A0EF71 /* FirebaseAppCheck */ = {
			isa = XCSwiftPackageProductDependency;
			package = 594A0A8C2E64CC8000A0EF71 /* XCRemoteSwiftPackageReference "firebase-ios-sdk" */;
			productName = FirebaseAppCheck;
		};
		594A0A8F2E64CC8000A0EF71 /* FirebaseAuth */ = {
			isa = XCSwiftPackageProductDependency;
			package = 594A0A8C2E64CC8000A0EF71 /* XCRemoteSwiftPackageReference "firebase-ios-sdk" */;
			productName = FirebaseAuth;
		};
		594A0A912E64CC8000A0EF71 /* FirebaseCore */ = {
			isa = XCSwiftPackageProductDependency;
			package = 594A0A8C2E64CC8000A0EF71 /* XCRemoteSwiftPackageReference "firebase-ios-sdk" */;
			productName = FirebaseCore;
		};
		594A0A932E64CC8000A0EF71 /* FirebaseDatabase */ = {
			isa = XCSwiftPackageProductDependency;
			package = 594A0A8C2E64CC8000A0EF71 /* XCRemoteSwiftPackageReference "firebase-ios-sdk" */;
			productName = FirebaseDatabase;
		};
		594A0A952E64CC8000A0EF71 /* FirebaseFirestore */ = {
			isa = XCSwiftPackageProductDependency;
			package = 594A0A8C2E64CC8000A0EF71 /* XCRemoteSwiftPackageReference "firebase-ios-sdk" */;
			productName = FirebaseFirestore;
		};
		594A0A972E64CC8000A0EF71 /* FirebaseInstallations */ = {
			isa = XCSwiftPackageProductDependency;
			package = 594A0A8C2E64CC8000A0EF71 /* XCRemoteSwiftPackageReference "firebase-ios-sdk" */;
			productName = FirebaseInstallations;
		};
		594A0A992E64CC8000A0EF71 /* FirebaseMLModelDownloader */ = {
			isa = XCSwiftPackageProductDependency;
			package = 594A0A8C2E64CC8000A0EF71 /* XCRemoteSwiftPackageReference "firebase-ios-sdk" */;
			productName = FirebaseMLModelDownloader;
		};
		594A0A9B2E64CC8000A0EF71 /* FirebaseStorage */ = {
			isa = XCSwiftPackageProductDependency;
			package = 594A0A8C2E64CC8000A0EF71 /* XCRemoteSwiftPackageReference "firebase-ios-sdk" */;
			productName = FirebaseStorage;
		};
		597A03032E6783B500189530 /* FirebaseFirestore */ = {
			isa = XCSwiftPackageProductDependency;
			package = 594A0A8C2E64CC8000A0EF71 /* XCRemoteSwiftPackageReference "firebase-ios-sdk" */;
			productName = FirebaseFirestore;
		};
		597A03052E6783B500189530 /* FirebaseFirestoreCombine-Community */ = {
			isa = XCSwiftPackageProductDependency;
			package = 594A0A8C2E64CC8000A0EF71 /* XCRemoteSwiftPackageReference "firebase-ios-sdk" */;
			productName = "FirebaseFirestoreCombine-Community";
		};
/* End XCSwiftPackageProductDependency section */
	};
	rootObject = 594A0A592E64CA8300A0EF71 /* Project object */;
}
